
Microsoft Visual Studio Solution File, Format Version 12.00
# Visual Studio 15
VisualStudioVersion = 15.0.28010.2026
MinimumVisualStudioVersion = 10.0.40219.1
Project("{8BC9CEB8-8B4A-11D0-8D11-00A0C91BC942}") = "2117_홈 방범 서비스", "2117_홈 방범 서비스\2117_홈 방범 서비스.vcxproj", "{C213B5F2-F322-4416-9161-09BE3FAEF597}"
EndProject
Project("{8BC9CEB8-8B4A-11D0-8D11-00A0C91BC942}") = "1767_프로세서 연결하기", "1767_프로세서 연결하기\1767_프로세서 연결하기.vcxproj", "{9DAAB45B-60E9-456D-A72B-1011C801B35A}"
EndProject
Project("{8BC9CEB8-8B4A-11D0-8D11-00A0C91BC942}") = "5658_보물상자 비밀번호", "5658_보물상자 비밀번호\5658_보물상자 비밀번호.vcxproj", "{181003BF-F87D-4AB4-AEBC-2DA7534C88E9}"
EndProject
Project("{8BC9CEB8-8B4A-11D0-8D11-00A0C91BC942}") = "2383_점심식사시간", "2383_점심식사시간\2383_점심식사시간.vcxproj", "{B0F2C382-80B1-43ED-B190-C306D84440A0}"
EndProject
Project("{8BC9CEB8-8B4A-11D0-8D11-00A0C91BC942}") = "2122_보호필름", "2122_보호필름\2122_보호필름.vcxproj", "{40AEF69E-5AC8-4EE1-85D8-A404A13A2404}"
EndProject
Global
	GlobalSection(SolutionConfigurationPlatforms) = preSolution
		Debug|x64 = Debug|x64
		Debug|x86 = Debug|x86
		Release|x64 = Release|x64
		Release|x86 = Release|x86
	EndGlobalSection
	GlobalSection(ProjectConfigurationPlatforms) = postSolution
		{C213B5F2-F322-4416-9161-09BE3FAEF597}.Debug|x64.ActiveCfg = Debug|x64
		{C213B5F2-F322-4416-9161-09BE3FAEF597}.Debug|x64.Build.0 = Debug|x64
		{C213B5F2-F322-4416-9161-09BE3FAEF597}.Debug|x86.ActiveCfg = Debug|Win32
		{C213B5F2-F322-4416-9161-09BE3FAEF597}.Debug|x86.Build.0 = Debug|Win32
		{C213B5F2-F322-4416-9161-09BE3FAEF597}.Release|x64.ActiveCfg = Release|x64
		{C213B5F2-F322-4416-9161-09BE3FAEF597}.Release|x64.Build.0 = Release|x64
		{C213B5F2-F322-4416-9161-09BE3FAEF597}.Release|x86.ActiveCfg = Release|Win32
		{C213B5F2-F322-4416-9161-09BE3FAEF597}.Release|x86.Build.0 = Release|Win32
		{9DAAB45B-60E9-456D-A72B-1011C801B35A}.Debug|x64.ActiveCfg = Debug|x64
		{9DAAB45B-60E9-456D-A72B-1011C801B35A}.Debug|x64.Build.0 = Debug|x64
		{9DAAB45B-60E9-456D-A72B-1011C801B35A}.Debug|x86.ActiveCfg = Debug|Win32
		{9DAAB45B-60E9-456D-A72B-1011C801B35A}.Debug|x86.Build.0 = Debug|Win32
		{9DAAB45B-60E9-456D-A72B-1011C801B35A}.Release|x64.ActiveCfg = Release|x64
		{9DAAB45B-60E9-456D-A72B-1011C801B35A}.Release|x64.Build.0 = Release|x64
		{9DAAB45B-60E9-456D-A72B-1011C801B35A}.Release|x86.ActiveCfg = Release|Win32
		{9DAAB45B-60E9-456D-A72B-1011C801B35A}.Release|x86.Build.0 = Release|Win32
		{181003BF-F87D-4AB4-AEBC-2DA7534C88E9}.Debug|x64.ActiveCfg = Debug|x64
		{181003BF-F87D-4AB4-AEBC-2DA7534C88E9}.Debug|x64.Build.0 = Debug|x64
		{181003BF-F87D-4AB4-AEBC-2DA7534C88E9}.Debug|x86.ActiveCfg = Debug|Win32
		{181003BF-F87D-4AB4-AEBC-2DA7534C88E9}.Debug|x86.Build.0 = Debug|Win32
		{181003BF-F87D-4AB4-AEBC-2DA7534C88E9}.Release|x64.ActiveCfg = Release|x64
		{181003BF-F87D-4AB4-AEBC-2DA7534C88E9}.Release|x64.Build.0 = Release|x64
		{181003BF-F87D-4AB4-AEBC-2DA7534C88E9}.Release|x86.ActiveCfg = Release|Win32
		{181003BF-F87D-4AB4-AEBC-2DA7534C88E9}.Release|x86.Build.0 = Release|Win32
		{B0F2C382-80B1-43ED-B190-C306D84440A0}.Debug|x64.ActiveCfg = Debug|x64
		{B0F2C382-80B1-43ED-B190-C306D84440A0}.Debug|x64.Build.0 = Debug|x64
		{B0F2C382-80B1-43ED-B190-C306D84440A0}.Debug|x86.ActiveCfg = Debug|Win32
		{B0F2C382-80B1-43ED-B190-C306D84440A0}.Debug|x86.Build.0 = Debug|Win32
		{B0F2C382-80B1-43ED-B190-C306D84440A0}.Release|x64.ActiveCfg = Release|x64
		{B0F2C382-80B1-43ED-B190-C306D84440A0}.Release|x64.Build.0 = Release|x64
		{B0F2C382-80B1-43ED-B190-C306D84440A0}.Release|x86.ActiveCfg = Release|Win32
		{B0F2C382-80B1-43ED-B190-C306D84440A0}.Release|x86.Build.0 = Release|Win32
		{40AEF69E-5AC8-4EE1-85D8-A404A13A2404}.Debug|x64.ActiveCfg = Debug|x64
		{40AEF69E-5AC8-4EE1-85D8-A404A13A2404}.Debug|x64.Build.0 = Debug|x64
		{40AEF69E-5AC8-4EE1-85D8-A404A13A2404}.Debug|x86.ActiveCfg = Debug|Win32
		{40AEF69E-5AC8-4EE1-85D8-A404A13A2404}.Debug|x86.Build.0 = Debug|Win32
		{40AEF69E-5AC8-4EE1-85D8-A404A13A2404}.Release|x64.ActiveCfg = Release|x64
		{40AEF69E-5AC8-4EE1-85D8-A404A13A2404}.Release|x64.Build.0 = Release|x64
		{40AEF69E-5AC8-4EE1-85D8-A404A13A2404}.Release|x86.ActiveCfg = Release|Win32
		{40AEF69E-5AC8-4EE1-85D8-A404A13A2404}.Release|x86.Build.0 = Release|Win32
	EndGlobalSection
	GlobalSection(SolutionProperties) = preSolution
		HideSolutionNode = FALSE
	EndGlobalSection
	GlobalSection(ExtensibilityGlobals) = postSolution
		SolutionGuid = {FA9EDC45-B8CA-41EF-9C5B-B75ABF914278}
	EndGlobalSection
EndGlobal
