
Microsoft Visual Studio Solution File, Format Version 12.00
# Visual Studio 15
VisualStudioVersion = 15.0.28010.2026
MinimumVisualStudioVersion = 10.0.40219.1
Project("{8BC9CEB8-8B4A-11D0-8D11-00A0C91BC942}") = "1_구조체와 연산자 오버로딩", "1_구조체와 연산자 오버로딩\1_구조체와 연산자 오버로딩.vcxproj", "{7251A9AA-AD6F-4827-B6EF-EE50822847AF}"
EndProject
Global
	GlobalSection(SolutionConfigurationPlatforms) = preSolution
		Debug|x64 = Debug|x64
		Debug|x86 = Debug|x86
		Release|x64 = Release|x64
		Release|x86 = Release|x86
	EndGlobalSection
	GlobalSection(ProjectConfigurationPlatforms) = postSolution
		{7251A9AA-AD6F-4827-B6EF-EE50822847AF}.Debug|x64.ActiveCfg = Debug|x64
		{7251A9AA-AD6F-4827-B6EF-EE50822847AF}.Debug|x64.Build.0 = Debug|x64
		{7251A9AA-AD6F-4827-B6EF-EE50822847AF}.Debug|x86.ActiveCfg = Debug|Win32
		{7251A9AA-AD6F-4827-B6EF-EE50822847AF}.Debug|x86.Build.0 = Debug|Win32
		{7251A9AA-AD6F-4827-B6EF-EE50822847AF}.Release|x64.ActiveCfg = Release|x64
		{7251A9AA-AD6F-4827-B6EF-EE50822847AF}.Release|x64.Build.0 = Release|x64
		{7251A9AA-AD6F-4827-B6EF-EE50822847AF}.Release|x86.ActiveCfg = Release|Win32
		{7251A9AA-AD6F-4827-B6EF-EE50822847AF}.Release|x86.Build.0 = Release|Win32
	EndGlobalSection
	GlobalSection(SolutionProperties) = preSolution
		HideSolutionNode = FALSE
	EndGlobalSection
	GlobalSection(ExtensibilityGlobals) = postSolution
		SolutionGuid = {EC351749-60D9-497B-BABA-D41066A99984}
	EndGlobalSection
EndGlobal
