
Microsoft Visual Studio Solution File, Format Version 12.00
# Visual Studio 15
VisualStudioVersion = 15.0.28010.2026
MinimumVisualStudioVersion = 10.0.40219.1
Project("{8BC9CEB8-8B4A-11D0-8D11-00A0C91BC942}") = "FC_Problem", "FC_Problem\FC_Problem.vcxproj", "{1D427B45-2B14-4899-BBA4-D8FEBAB1C898}"
EndProject
Global
	GlobalSection(SolutionConfigurationPlatforms) = preSolution
		Debug|x64 = Debug|x64
		Debug|x86 = Debug|x86
		Release|x64 = Release|x64
		Release|x86 = Release|x86
	EndGlobalSection
	GlobalSection(ProjectConfigurationPlatforms) = postSolution
		{1D427B45-2B14-4899-BBA4-D8FEBAB1C898}.Debug|x64.ActiveCfg = Debug|x64
		{1D427B45-2B14-4899-BBA4-D8FEBAB1C898}.Debug|x64.Build.0 = Debug|x64
		{1D427B45-2B14-4899-BBA4-D8FEBAB1C898}.Debug|x86.ActiveCfg = Debug|Win32
		{1D427B45-2B14-4899-BBA4-D8FEBAB1C898}.Debug|x86.Build.0 = Debug|Win32
		{1D427B45-2B14-4899-BBA4-D8FEBAB1C898}.Release|x64.ActiveCfg = Release|x64
		{1D427B45-2B14-4899-BBA4-D8FEBAB1C898}.Release|x64.Build.0 = Release|x64
		{1D427B45-2B14-4899-BBA4-D8FEBAB1C898}.Release|x86.ActiveCfg = Release|Win32
		{1D427B45-2B14-4899-BBA4-D8FEBAB1C898}.Release|x86.Build.0 = Release|Win32
	EndGlobalSection
	GlobalSection(SolutionProperties) = preSolution
		HideSolutionNode = FALSE
	EndGlobalSection
	GlobalSection(ExtensibilityGlobals) = postSolution
		SolutionGuid = {016F9025-CB2F-4501-B292-35012DC77B22}
	EndGlobalSection
EndGlobal
