
Microsoft Visual Studio Solution File, Format Version 12.00
# Visual Studio 15
VisualStudioVersion = 15.0.28010.2026
MinimumVisualStudioVersion = 10.0.40219.1
Project("{8BC9CEB8-8B4A-11D0-8D11-00A0C91BC942}") = "89_토마토", "89_토마토\89_토마토.vcxproj", "{0ECD5BEF-D395-4F23-86C8-BF64296E76A0}"
EndProject
Project("{8BC9CEB8-8B4A-11D0-8D11-00A0C91BC942}") = "90_라이온킹 심바", "90_라이온킹 심바\90_라이온킹 심바.vcxproj", "{7B548DDA-94C1-475F-BAA1-59329E31AD32}"
EndProject
Project("{8BC9CEB8-8B4A-11D0-8D11-00A0C91BC942}") = "복습_토마토", "복습_토마토\복습_토마토.vcxproj", "{172A51BC-2592-4800-80DC-883DCC9319E2}"
EndProject
Project("{8BC9CEB8-8B4A-11D0-8D11-00A0C91BC942}") = "1_1부터 N까지 M의 배수합", "1_1부터 N까지 M의 배수합\1_1부터 N까지 M의 배수합.vcxproj", "{D789233C-4D9B-423D-B571-85E36E48AEDA}"
EndProject
Project("{8BC9CEB8-8B4A-11D0-8D11-00A0C91BC942}") = "0_입출력속도 향상", "0_입출력속도 향상\0_입출력속도 향상.vcxproj", "{8297C91C-37C9-420D-A721-BC6CF4E070C6}"
EndProject
Project("{8BC9CEB8-8B4A-11D0-8D11-00A0C91BC942}") = "101_동적계획법", "101_동적계획법\101_동적계획법.vcxproj", "{405F2AAC-A2B5-490C-939B-1D754947A25A}"
EndProject
Project("{8BC9CEB8-8B4A-11D0-8D11-00A0C91BC942}") = "102_동적계획법_top_down", "102_동적계획법_top_down\102_동적계획법_top_down.vcxproj", "{B46CA529-0B8F-445C-8504-9D99C613BB27}"
EndProject
Project("{8BC9CEB8-8B4A-11D0-8D11-00A0C91BC942}") = "103_동적계획법_계단오르기", "103_동적계획법_계단오르기\103_동적계획법_계단오르기.vcxproj", "{3009DA59-9D08-4317-B9B9-C146DEDBFD1D}"
EndProject
Project("{8BC9CEB8-8B4A-11D0-8D11-00A0C91BC942}") = "76_이항계수와 메모이제이션", "76_이항계수와 메모이제이션\76_이항계수와 메모이제이션.vcxproj", "{45C31B74-A32A-4D26-A630-E89E055D1D69}"
EndProject
Project("{8BC9CEB8-8B4A-11D0-8D11-00A0C91BC942}") = "77_친구인가_UnionAndFind", "77_친구인가_UnionAndFind\77_친구인가_UnionAndFind.vcxproj", "{2C377A22-2599-4A89-8A70-9F87FF97D79D}"
EndProject
Project("{8BC9CEB8-8B4A-11D0-8D11-00A0C91BC942}") = "78_원더랜드_Kruskal MST, UnionAndFind", "78_원더랜드_Kruskal MST, UnionAndFind\78_원더랜드_Kruskal MST, UnionAndFind.vcxproj", "{696FEB8D-6083-47AF-BFF5-05FE1EF07076}"
EndProject
Project("{8BC9CEB8-8B4A-11D0-8D11-00A0C91BC942}") = "79_원더랜드_Prim MST_PriorityQueue", "79_원더랜드_Prim MST_PriorityQueue\79_원더랜드_Prim MST_PriorityQueue.vcxproj", "{2848EF54-51AB-4A9A-91ED-4CAC8CDB0980}"
EndProject
Global
	GlobalSection(SolutionConfigurationPlatforms) = preSolution
		Debug|x64 = Debug|x64
		Debug|x86 = Debug|x86
		Release|x64 = Release|x64
		Release|x86 = Release|x86
	EndGlobalSection
	GlobalSection(ProjectConfigurationPlatforms) = postSolution
		{0ECD5BEF-D395-4F23-86C8-BF64296E76A0}.Debug|x64.ActiveCfg = Debug|x64
		{0ECD5BEF-D395-4F23-86C8-BF64296E76A0}.Debug|x64.Build.0 = Debug|x64
		{0ECD5BEF-D395-4F23-86C8-BF64296E76A0}.Debug|x86.ActiveCfg = Debug|Win32
		{0ECD5BEF-D395-4F23-86C8-BF64296E76A0}.Debug|x86.Build.0 = Debug|Win32
		{0ECD5BEF-D395-4F23-86C8-BF64296E76A0}.Release|x64.ActiveCfg = Release|x64
		{0ECD5BEF-D395-4F23-86C8-BF64296E76A0}.Release|x64.Build.0 = Release|x64
		{0ECD5BEF-D395-4F23-86C8-BF64296E76A0}.Release|x86.ActiveCfg = Release|Win32
		{0ECD5BEF-D395-4F23-86C8-BF64296E76A0}.Release|x86.Build.0 = Release|Win32
		{7B548DDA-94C1-475F-BAA1-59329E31AD32}.Debug|x64.ActiveCfg = Debug|x64
		{7B548DDA-94C1-475F-BAA1-59329E31AD32}.Debug|x64.Build.0 = Debug|x64
		{7B548DDA-94C1-475F-BAA1-59329E31AD32}.Debug|x86.ActiveCfg = Debug|Win32
		{7B548DDA-94C1-475F-BAA1-59329E31AD32}.Debug|x86.Build.0 = Debug|Win32
		{7B548DDA-94C1-475F-BAA1-59329E31AD32}.Release|x64.ActiveCfg = Release|x64
		{7B548DDA-94C1-475F-BAA1-59329E31AD32}.Release|x64.Build.0 = Release|x64
		{7B548DDA-94C1-475F-BAA1-59329E31AD32}.Release|x86.ActiveCfg = Release|Win32
		{7B548DDA-94C1-475F-BAA1-59329E31AD32}.Release|x86.Build.0 = Release|Win32
		{172A51BC-2592-4800-80DC-883DCC9319E2}.Debug|x64.ActiveCfg = Debug|x64
		{172A51BC-2592-4800-80DC-883DCC9319E2}.Debug|x64.Build.0 = Debug|x64
		{172A51BC-2592-4800-80DC-883DCC9319E2}.Debug|x86.ActiveCfg = Debug|Win32
		{172A51BC-2592-4800-80DC-883DCC9319E2}.Debug|x86.Build.0 = Debug|Win32
		{172A51BC-2592-4800-80DC-883DCC9319E2}.Release|x64.ActiveCfg = Release|x64
		{172A51BC-2592-4800-80DC-883DCC9319E2}.Release|x64.Build.0 = Release|x64
		{172A51BC-2592-4800-80DC-883DCC9319E2}.Release|x86.ActiveCfg = Release|Win32
		{172A51BC-2592-4800-80DC-883DCC9319E2}.Release|x86.Build.0 = Release|Win32
		{D789233C-4D9B-423D-B571-85E36E48AEDA}.Debug|x64.ActiveCfg = Debug|x64
		{D789233C-4D9B-423D-B571-85E36E48AEDA}.Debug|x64.Build.0 = Debug|x64
		{D789233C-4D9B-423D-B571-85E36E48AEDA}.Debug|x86.ActiveCfg = Debug|Win32
		{D789233C-4D9B-423D-B571-85E36E48AEDA}.Debug|x86.Build.0 = Debug|Win32
		{D789233C-4D9B-423D-B571-85E36E48AEDA}.Release|x64.ActiveCfg = Release|x64
		{D789233C-4D9B-423D-B571-85E36E48AEDA}.Release|x64.Build.0 = Release|x64
		{D789233C-4D9B-423D-B571-85E36E48AEDA}.Release|x86.ActiveCfg = Release|Win32
		{D789233C-4D9B-423D-B571-85E36E48AEDA}.Release|x86.Build.0 = Release|Win32
		{8297C91C-37C9-420D-A721-BC6CF4E070C6}.Debug|x64.ActiveCfg = Debug|x64
		{8297C91C-37C9-420D-A721-BC6CF4E070C6}.Debug|x64.Build.0 = Debug|x64
		{8297C91C-37C9-420D-A721-BC6CF4E070C6}.Debug|x86.ActiveCfg = Debug|Win32
		{8297C91C-37C9-420D-A721-BC6CF4E070C6}.Debug|x86.Build.0 = Debug|Win32
		{8297C91C-37C9-420D-A721-BC6CF4E070C6}.Release|x64.ActiveCfg = Release|x64
		{8297C91C-37C9-420D-A721-BC6CF4E070C6}.Release|x64.Build.0 = Release|x64
		{8297C91C-37C9-420D-A721-BC6CF4E070C6}.Release|x86.ActiveCfg = Release|Win32
		{8297C91C-37C9-420D-A721-BC6CF4E070C6}.Release|x86.Build.0 = Release|Win32
		{405F2AAC-A2B5-490C-939B-1D754947A25A}.Debug|x64.ActiveCfg = Debug|x64
		{405F2AAC-A2B5-490C-939B-1D754947A25A}.Debug|x64.Build.0 = Debug|x64
		{405F2AAC-A2B5-490C-939B-1D754947A25A}.Debug|x86.ActiveCfg = Debug|Win32
		{405F2AAC-A2B5-490C-939B-1D754947A25A}.Debug|x86.Build.0 = Debug|Win32
		{405F2AAC-A2B5-490C-939B-1D754947A25A}.Release|x64.ActiveCfg = Release|x64
		{405F2AAC-A2B5-490C-939B-1D754947A25A}.Release|x64.Build.0 = Release|x64
		{405F2AAC-A2B5-490C-939B-1D754947A25A}.Release|x86.ActiveCfg = Release|Win32
		{405F2AAC-A2B5-490C-939B-1D754947A25A}.Release|x86.Build.0 = Release|Win32
		{B46CA529-0B8F-445C-8504-9D99C613BB27}.Debug|x64.ActiveCfg = Debug|x64
		{B46CA529-0B8F-445C-8504-9D99C613BB27}.Debug|x64.Build.0 = Debug|x64
		{B46CA529-0B8F-445C-8504-9D99C613BB27}.Debug|x86.ActiveCfg = Debug|Win32
		{B46CA529-0B8F-445C-8504-9D99C613BB27}.Debug|x86.Build.0 = Debug|Win32
		{B46CA529-0B8F-445C-8504-9D99C613BB27}.Release|x64.ActiveCfg = Release|x64
		{B46CA529-0B8F-445C-8504-9D99C613BB27}.Release|x64.Build.0 = Release|x64
		{B46CA529-0B8F-445C-8504-9D99C613BB27}.Release|x86.ActiveCfg = Release|Win32
		{B46CA529-0B8F-445C-8504-9D99C613BB27}.Release|x86.Build.0 = Release|Win32
		{3009DA59-9D08-4317-B9B9-C146DEDBFD1D}.Debug|x64.ActiveCfg = Debug|x64
		{3009DA59-9D08-4317-B9B9-C146DEDBFD1D}.Debug|x64.Build.0 = Debug|x64
		{3009DA59-9D08-4317-B9B9-C146DEDBFD1D}.Debug|x86.ActiveCfg = Debug|Win32
		{3009DA59-9D08-4317-B9B9-C146DEDBFD1D}.Debug|x86.Build.0 = Debug|Win32
		{3009DA59-9D08-4317-B9B9-C146DEDBFD1D}.Release|x64.ActiveCfg = Release|x64
		{3009DA59-9D08-4317-B9B9-C146DEDBFD1D}.Release|x64.Build.0 = Release|x64
		{3009DA59-9D08-4317-B9B9-C146DEDBFD1D}.Release|x86.ActiveCfg = Release|Win32
		{3009DA59-9D08-4317-B9B9-C146DEDBFD1D}.Release|x86.Build.0 = Release|Win32
		{45C31B74-A32A-4D26-A630-E89E055D1D69}.Debug|x64.ActiveCfg = Debug|x64
		{45C31B74-A32A-4D26-A630-E89E055D1D69}.Debug|x64.Build.0 = Debug|x64
		{45C31B74-A32A-4D26-A630-E89E055D1D69}.Debug|x86.ActiveCfg = Debug|Win32
		{45C31B74-A32A-4D26-A630-E89E055D1D69}.Debug|x86.Build.0 = Debug|Win32
		{45C31B74-A32A-4D26-A630-E89E055D1D69}.Release|x64.ActiveCfg = Release|x64
		{45C31B74-A32A-4D26-A630-E89E055D1D69}.Release|x64.Build.0 = Release|x64
		{45C31B74-A32A-4D26-A630-E89E055D1D69}.Release|x86.ActiveCfg = Release|Win32
		{45C31B74-A32A-4D26-A630-E89E055D1D69}.Release|x86.Build.0 = Release|Win32
		{2C377A22-2599-4A89-8A70-9F87FF97D79D}.Debug|x64.ActiveCfg = Debug|x64
		{2C377A22-2599-4A89-8A70-9F87FF97D79D}.Debug|x64.Build.0 = Debug|x64
		{2C377A22-2599-4A89-8A70-9F87FF97D79D}.Debug|x86.ActiveCfg = Debug|Win32
		{2C377A22-2599-4A89-8A70-9F87FF97D79D}.Debug|x86.Build.0 = Debug|Win32
		{2C377A22-2599-4A89-8A70-9F87FF97D79D}.Release|x64.ActiveCfg = Release|x64
		{2C377A22-2599-4A89-8A70-9F87FF97D79D}.Release|x64.Build.0 = Release|x64
		{2C377A22-2599-4A89-8A70-9F87FF97D79D}.Release|x86.ActiveCfg = Release|Win32
		{2C377A22-2599-4A89-8A70-9F87FF97D79D}.Release|x86.Build.0 = Release|Win32
		{696FEB8D-6083-47AF-BFF5-05FE1EF07076}.Debug|x64.ActiveCfg = Debug|x64
		{696FEB8D-6083-47AF-BFF5-05FE1EF07076}.Debug|x64.Build.0 = Debug|x64
		{696FEB8D-6083-47AF-BFF5-05FE1EF07076}.Debug|x86.ActiveCfg = Debug|Win32
		{696FEB8D-6083-47AF-BFF5-05FE1EF07076}.Debug|x86.Build.0 = Debug|Win32
		{696FEB8D-6083-47AF-BFF5-05FE1EF07076}.Release|x64.ActiveCfg = Release|x64
		{696FEB8D-6083-47AF-BFF5-05FE1EF07076}.Release|x64.Build.0 = Release|x64
		{696FEB8D-6083-47AF-BFF5-05FE1EF07076}.Release|x86.ActiveCfg = Release|Win32
		{696FEB8D-6083-47AF-BFF5-05FE1EF07076}.Release|x86.Build.0 = Release|Win32
		{2848EF54-51AB-4A9A-91ED-4CAC8CDB0980}.Debug|x64.ActiveCfg = Debug|x64
		{2848EF54-51AB-4A9A-91ED-4CAC8CDB0980}.Debug|x64.Build.0 = Debug|x64
		{2848EF54-51AB-4A9A-91ED-4CAC8CDB0980}.Debug|x86.ActiveCfg = Debug|Win32
		{2848EF54-51AB-4A9A-91ED-4CAC8CDB0980}.Debug|x86.Build.0 = Debug|Win32
		{2848EF54-51AB-4A9A-91ED-4CAC8CDB0980}.Release|x64.ActiveCfg = Release|x64
		{2848EF54-51AB-4A9A-91ED-4CAC8CDB0980}.Release|x64.Build.0 = Release|x64
		{2848EF54-51AB-4A9A-91ED-4CAC8CDB0980}.Release|x86.ActiveCfg = Release|Win32
		{2848EF54-51AB-4A9A-91ED-4CAC8CDB0980}.Release|x86.Build.0 = Release|Win32
	EndGlobalSection
	GlobalSection(SolutionProperties) = preSolution
		HideSolutionNode = FALSE
	EndGlobalSection
	GlobalSection(ExtensibilityGlobals) = postSolution
		SolutionGuid = {6E00DDE5-1816-4CB3-A84C-F0B575824D5A}
	EndGlobalSection
EndGlobal
